
Microsoft Visual Studio Solution File, Format Version 12.00
# Visual Studio Version 17
VisualStudioVersion = 17.7.34024.191
MinimumVisualStudioVersion = 10.0.40219.1
Project("{FAE04EC0-301F-11D3-BF4B-00C04F79EFBC}") = "Extention-Struct-Nullable-HOMEWORK", "Extention-Struct-Nullable-HOMEWORK\Extention-Struct-Nullable-HOMEWORK.csproj", "{50A851F2-017D-4125-BA1C-B6EEC874081F}"
EndProject
Global
	GlobalSection(SolutionConfigurationPlatforms) = preSolution
		Debug|Any CPU = Debug|Any CPU
		Release|Any CPU = Release|Any CPU
	EndGlobalSection
	GlobalSection(ProjectConfigurationPlatforms) = postSolution
		{50A851F2-017D-4125-BA1C-B6EEC874081F}.Debug|Any CPU.ActiveCfg = Debug|Any CPU
		{50A851F2-017D-4125-BA1C-B6EEC874081F}.Debug|Any CPU.Build.0 = Debug|Any CPU
		{50A851F2-017D-4125-BA1C-B6EEC874081F}.Release|Any CPU.ActiveCfg = Release|Any CPU
		{50A851F2-017D-4125-BA1C-B6EEC874081F}.Release|Any CPU.Build.0 = Release|Any CPU
	EndGlobalSection
	GlobalSection(SolutionProperties) = preSolution
		HideSolutionNode = FALSE
	EndGlobalSection
	GlobalSection(ExtensibilityGlobals) = postSolution
		SolutionGuid = {EF0A3F53-45CC-4DA0-9295-D61747FA4217}
	EndGlobalSection
EndGlobal
